
Microsoft Visual Studio Solution File, Format Version 12.00
# Visual Studio 2012
Project("{FAE04EC0-301F-11D3-BF4B-00C04F79EFBC}") = "MyRightCareer", "MyRightCareer\MyRightCareer.csproj", "{BC8E70CB-B9C6-478F-BE10-E213F8FF9DC2}"
EndProject
Project("{FAE04EC0-301F-11D3-BF4B-00C04F79EFBC}") = "MyRightCareer.Web", "MyRightCareer.Web\MyRightCareer.Web.csproj", "{8943C9E9-94AD-43F0-AC5A-0D6A613A9F4C}"
EndProject
Global
	GlobalSection(SolutionConfigurationPlatforms) = preSolution
		Debug|Any CPU = Debug|Any CPU
		Release|Any CPU = Release|Any CPU
	EndGlobalSection
	GlobalSection(ProjectConfigurationPlatforms) = postSolution
		{BC8E70CB-B9C6-478F-BE10-E213F8FF9DC2}.Debug|Any CPU.ActiveCfg = Debug|Any CPU
		{BC8E70CB-B9C6-478F-BE10-E213F8FF9DC2}.Debug|Any CPU.Build.0 = Debug|Any CPU
		{BC8E70CB-B9C6-478F-BE10-E213F8FF9DC2}.Release|Any CPU.ActiveCfg = Release|Any CPU
		{BC8E70CB-B9C6-478F-BE10-E213F8FF9DC2}.Release|Any CPU.Build.0 = Release|Any CPU
		{8943C9E9-94AD-43F0-AC5A-0D6A613A9F4C}.Debug|Any CPU.ActiveCfg = Debug|Any CPU
		{8943C9E9-94AD-43F0-AC5A-0D6A613A9F4C}.Debug|Any CPU.Build.0 = Debug|Any CPU
		{8943C9E9-94AD-43F0-AC5A-0D6A613A9F4C}.Release|Any CPU.ActiveCfg = Release|Any CPU
		{8943C9E9-94AD-43F0-AC5A-0D6A613A9F4C}.Release|Any CPU.Build.0 = Release|Any CPU
	EndGlobalSection
	GlobalSection(SolutionProperties) = preSolution
		HideSolutionNode = FALSE
	EndGlobalSection
EndGlobal
